
Microsoft Visual Studio Solution File, Format Version 12.00
# Visual Studio Version 17
VisualStudioVersion = 17.5.002.0
MinimumVisualStudioVersion = 10.0.40219.1
Project("{2150E333-8FDC-42A3-9474-1A3956D46DE8}") = "inventario.Persistence", "inventario.Persistence", "{7A84F520-080C-46D9-86F0-01FD5AA75D40}"
EndProject
Project("{9A19103F-16F7-4668-BE54-9A1E7A4F7556}") = "Persistence", "inventario.Persistence\Persistence.csproj", "{1888CB4D-3FA6-44EA-BC51-EA6B46D8FF39}"
EndProject
Project("{2150E333-8FDC-42A3-9474-1A3956D46DE8}") = "Inventario.service", "Inventario.service", "{35056545-7211-48A0-906F-EAA8B3B4EFAD}"
EndProject
Project("{9A19103F-16F7-4668-BE54-9A1E7A4F7556}") = "Service", "Inventario.service\Service.csproj", "{9711BF75-BBBF-4F8F-B48B-01AE2FE74863}"
EndProject
Global
	GlobalSection(SolutionConfigurationPlatforms) = preSolution
		Debug|Any CPU = Debug|Any CPU
		Release|Any CPU = Release|Any CPU
	EndGlobalSection
	GlobalSection(ProjectConfigurationPlatforms) = postSolution
		{1888CB4D-3FA6-44EA-BC51-EA6B46D8FF39}.Debug|Any CPU.ActiveCfg = Debug|Any CPU
		{1888CB4D-3FA6-44EA-BC51-EA6B46D8FF39}.Debug|Any CPU.Build.0 = Debug|Any CPU
		{1888CB4D-3FA6-44EA-BC51-EA6B46D8FF39}.Release|Any CPU.ActiveCfg = Release|Any CPU
		{1888CB4D-3FA6-44EA-BC51-EA6B46D8FF39}.Release|Any CPU.Build.0 = Release|Any CPU
		{9711BF75-BBBF-4F8F-B48B-01AE2FE74863}.Debug|Any CPU.ActiveCfg = Debug|Any CPU
		{9711BF75-BBBF-4F8F-B48B-01AE2FE74863}.Debug|Any CPU.Build.0 = Debug|Any CPU
		{9711BF75-BBBF-4F8F-B48B-01AE2FE74863}.Release|Any CPU.ActiveCfg = Release|Any CPU
		{9711BF75-BBBF-4F8F-B48B-01AE2FE74863}.Release|Any CPU.Build.0 = Release|Any CPU
	EndGlobalSection
	GlobalSection(SolutionProperties) = preSolution
		HideSolutionNode = FALSE
	EndGlobalSection
	GlobalSection(NestedProjects) = preSolution
		{1888CB4D-3FA6-44EA-BC51-EA6B46D8FF39} = {7A84F520-080C-46D9-86F0-01FD5AA75D40}
		{9711BF75-BBBF-4F8F-B48B-01AE2FE74863} = {35056545-7211-48A0-906F-EAA8B3B4EFAD}
	EndGlobalSection
	GlobalSection(ExtensibilityGlobals) = postSolution
		SolutionGuid = {0FB36D52-2F05-4018-8EA9-2BEB3AFB9527}
	EndGlobalSection
EndGlobal
